{
  "name": "bart_demo",
  "version": "1.0.0",
  "lockfileVersion": 1,
  "requires": true,
  "dependencies": {
    "@hapi/boom": {
      "version": "9.1.0",
      "resolved": "https://registry.npmjs.org/@hapi/boom/-/boom-9.1.0.tgz",
      "integrity": "sha512-4nZmpp4tXbm162LaZT45P7F7sgiem8dwAh2vHWT6XX24dozNjGMg6BvKCRvtCUcmcXqeMIUqWN8Rc5X8yKuROQ==",
      "requires": {
        "@hapi/hoek": "9.x.x"
      }
    },
    "@hapi/bourne": {
      "version": "2.0.0",
      "resolved": "https://registry.npmjs.org/@hapi/bourne/-/bourne-2.0.0.tgz",
      "integrity": "sha512-WEezM1FWztfbzqIUbsDzFRVMxSoLy3HugVcux6KDDtTqzPsLE8NDRHfXvev66aH1i2oOKKar3/XDjbvh/OUBdg=="
    },
    "@hapi/hoek": {
      "version": "9.1.0",
      "resolved": "https://registry.npmjs.org/@hapi/hoek/-/hoek-9.1.0.tgz",
      "integrity": "sha512-i9YbZPN3QgfighY/1X1Pu118VUz2Fmmhd6b2n0/O8YVgGGfw0FbUYoA97k7FkpGJ+pLCFEDLUmAPPV4D1kpeFw=="
    },
    "@hapi/wreck": {
      "version": "17.0.0",
      "resolved": "https://registry.npmjs.org/@hapi/wreck/-/wreck-17.0.0.tgz",
      "integrity": "sha512-d8lqCinbKyDByn7GzJDRDbitddhIEydNm44UcAMejfhEH3o4IYvKYq6K8cAqXbilXPuvZc0ErlUOg9SDdgRtMw==",
      "requires": {
        "@hapi/boom": "9.x.x",
        "@hapi/bourne": "2.x.x",
        "@hapi/hoek": "9.x.x"
      }
    },
    "dotenv": {
      "version": "8.2.0",
      "resolved": "https://registry.npmjs.org/dotenv/-/dotenv-8.2.0.tgz",
      "integrity": "sha512-8sJ78ElpbDJBHNeBzUbUVLsqKdccaa/BXF1uPTw3GrvQTBgrQrtObr2mUrE38vzYd8cEv+m/JBfDLioYcfXoaw=="
    }
  }
}
